schema: '2.0'
stages:
  prepare:
    cmd: python eq18_turkish_music_mlops/prepare.py
    deps:
    - path: data/raw/turkish_music_emotion_modified.csv
      hash: md5
      md5: ae5f16bc9e319aa4323f8d08e3306e70
      size: 133386
    - path: eq18_turkish_music_mlops/prepare.py
      hash: md5
      md5: d20e44f2ccf92c0c0783d96f02fc6f6d
      size: 5655
    outs:
    - path: data/processed/test.csv
      hash: md5
      md5: 4f3520eb869a005aab3f224f5f5f3e0e
      size: 80781
    - path: data/processed/train.csv
      hash: md5
      md5: 97599ac5c3542db4288e4ee082dd7f84
      size: 316320
    - path: models/label_encoder.pkl
      hash: md5
      md5: 20d5afd40c640dc20d075b6c80d4205b
      size: 503
    - path: models/preprocessor.pkl
      hash: md5
      md5: ebf8900a12d550423ac6ded2de3a051d
      size: 10243
    - path: reports/outlier_report.json
      hash: md5
      md5: 0abab8de32686ac8ab7d70e10a899462
      size: 1590
